
Microsoft Visual Studio Solution File, Format Version 12.00
# Visual Studio Version 16
VisualStudioVersion = 16.0.28922.388
MinimumVisualStudioVersion = 10.0.40219.1
Project("{9A19103F-16F7-4668-BE54-9A1E7A4F7556}") = "Weixin.Tool", "Weixin.tool\Weixin.Tool.csproj", "{1B319902-3197-4C4C-9E0F-21D2BD29764C}"
EndProject
Project("{9A19103F-16F7-4668-BE54-9A1E7A4F7556}") = "Weixin.Data", "Weixin.data\Weixin.Data.csproj", "{F098D9C5-F7D8-4FD5-B7AF-A24AE15783B3}"
EndProject
Project("{9A19103F-16F7-4668-BE54-9A1E7A4F7556}") = "Weixin.Core", "Weixin.core\Weixin.Core.csproj", "{F6C81889-ED30-4C19-BC86-ACE249CED8C5}"
EndProject
Project("{9A19103F-16F7-4668-BE54-9A1E7A4F7556}") = "CommonService", "CommonService\CommonService.csproj", "{0F445428-5D2A-4130-ACA2-80B5923E9860}"
EndProject
Project("{9A19103F-16F7-4668-BE54-9A1E7A4F7556}") = "Weixin.WebApi", "Weixin.Webapi\Weixin.WebApi.csproj", "{F6E99950-A11F-4362-840D-9A1F1F048081}"
EndProject
Project("{9A19103F-16F7-4668-BE54-9A1E7A4F7556}") = "UnitTestProject", "UnitTestProject\UnitTestProject.csproj", "{6DDC905C-BBE5-437C-BC5C-7A51A26CFD36}"
EndProject
Project("{9A19103F-16F7-4668-BE54-9A1E7A4F7556}") = "CacheHelper", "CacheHelper\CacheHelper.csproj", "{AE02B0FC-5C97-4470-93C1-7DF3CFEB89F2}"
EndProject
Project("{9A19103F-16F7-4668-BE54-9A1E7A4F7556}") = "AuthService", "AuthService\AuthService.csproj", "{C59B17AF-EA41-423E-9828-384D45436E44}"
EndProject
Global
	GlobalSection(SolutionConfigurationPlatforms) = preSolution
		Debug|Any CPU = Debug|Any CPU
		Release|Any CPU = Release|Any CPU
	EndGlobalSection
	GlobalSection(ProjectConfigurationPlatforms) = postSolution
		{1B319902-3197-4C4C-9E0F-21D2BD29764C}.Debug|Any CPU.ActiveCfg = Debug|Any CPU
		{1B319902-3197-4C4C-9E0F-21D2BD29764C}.Debug|Any CPU.Build.0 = Debug|Any CPU
		{1B319902-3197-4C4C-9E0F-21D2BD29764C}.Release|Any CPU.ActiveCfg = Release|Any CPU
		{1B319902-3197-4C4C-9E0F-21D2BD29764C}.Release|Any CPU.Build.0 = Release|Any CPU
		{F098D9C5-F7D8-4FD5-B7AF-A24AE15783B3}.Debug|Any CPU.ActiveCfg = Debug|Any CPU
		{F098D9C5-F7D8-4FD5-B7AF-A24AE15783B3}.Debug|Any CPU.Build.0 = Debug|Any CPU
		{F098D9C5-F7D8-4FD5-B7AF-A24AE15783B3}.Release|Any CPU.ActiveCfg = Release|Any CPU
		{F098D9C5-F7D8-4FD5-B7AF-A24AE15783B3}.Release|Any CPU.Build.0 = Release|Any CPU
		{F6C81889-ED30-4C19-BC86-ACE249CED8C5}.Debug|Any CPU.ActiveCfg = Debug|Any CPU
		{F6C81889-ED30-4C19-BC86-ACE249CED8C5}.Debug|Any CPU.Build.0 = Debug|Any CPU
		{F6C81889-ED30-4C19-BC86-ACE249CED8C5}.Release|Any CPU.ActiveCfg = Release|Any CPU
		{F6C81889-ED30-4C19-BC86-ACE249CED8C5}.Release|Any CPU.Build.0 = Release|Any CPU
		{0F445428-5D2A-4130-ACA2-80B5923E9860}.Debug|Any CPU.ActiveCfg = Debug|Any CPU
		{0F445428-5D2A-4130-ACA2-80B5923E9860}.Debug|Any CPU.Build.0 = Debug|Any CPU
		{0F445428-5D2A-4130-ACA2-80B5923E9860}.Release|Any CPU.ActiveCfg = Release|Any CPU
		{0F445428-5D2A-4130-ACA2-80B5923E9860}.Release|Any CPU.Build.0 = Release|Any CPU
		{F6E99950-A11F-4362-840D-9A1F1F048081}.Debug|Any CPU.ActiveCfg = Debug|Any CPU
		{F6E99950-A11F-4362-840D-9A1F1F048081}.Debug|Any CPU.Build.0 = Debug|Any CPU
		{F6E99950-A11F-4362-840D-9A1F1F048081}.Release|Any CPU.ActiveCfg = Release|Any CPU
		{F6E99950-A11F-4362-840D-9A1F1F048081}.Release|Any CPU.Build.0 = Release|Any CPU
		{6DDC905C-BBE5-437C-BC5C-7A51A26CFD36}.Debug|Any CPU.ActiveCfg = Debug|Any CPU
		{6DDC905C-BBE5-437C-BC5C-7A51A26CFD36}.Debug|Any CPU.Build.0 = Debug|Any CPU
		{6DDC905C-BBE5-437C-BC5C-7A51A26CFD36}.Release|Any CPU.ActiveCfg = Release|Any CPU
		{6DDC905C-BBE5-437C-BC5C-7A51A26CFD36}.Release|Any CPU.Build.0 = Release|Any CPU
		{AE02B0FC-5C97-4470-93C1-7DF3CFEB89F2}.Debug|Any CPU.ActiveCfg = Debug|Any CPU
		{AE02B0FC-5C97-4470-93C1-7DF3CFEB89F2}.Debug|Any CPU.Build.0 = Debug|Any CPU
		{AE02B0FC-5C97-4470-93C1-7DF3CFEB89F2}.Release|Any CPU.ActiveCfg = Release|Any CPU
		{AE02B0FC-5C97-4470-93C1-7DF3CFEB89F2}.Release|Any CPU.Build.0 = Release|Any CPU
		{C59B17AF-EA41-423E-9828-384D45436E44}.Debug|Any CPU.ActiveCfg = Debug|Any CPU
		{C59B17AF-EA41-423E-9828-384D45436E44}.Debug|Any CPU.Build.0 = Debug|Any CPU
		{C59B17AF-EA41-423E-9828-384D45436E44}.Release|Any CPU.ActiveCfg = Release|Any CPU
		{C59B17AF-EA41-423E-9828-384D45436E44}.Release|Any CPU.Build.0 = Release|Any CPU
	EndGlobalSection
	GlobalSection(SolutionProperties) = preSolution
		HideSolutionNode = FALSE
	EndGlobalSection
	GlobalSection(ExtensibilityGlobals) = postSolution
		SolutionGuid = {27683751-6889-43BF-B3A1-FC9AEF441C15}
	EndGlobalSection
EndGlobal
